
Microsoft Visual Studio Solution File, Format Version 12.00
# Visual Studio Version 17
VisualStudioVersion = 17.4.33110.190
MinimumVisualStudioVersion = 10.0.40219.1
Project("{9A19103F-16F7-4668-BE54-9A1E7A4F7556}") = "BDD.API", "BDD.API\BDD.API.csproj", "{396C8EE2-6746-4E4C-BC81-9A1DE5D5DD63}"
EndProject
Project("{9A19103F-16F7-4668-BE54-9A1E7A4F7556}") = "BDD.AcceptanceTests", "BDD.AcceptanceTests\BDD.AcceptanceTests.csproj", "{5774C5C7-23B4-4F54-9468-47CB459F86BF}"
EndProject
Project("{FAE04EC0-301F-11D3-BF4B-00C04F79EFBC}") = "BDD.AcceptanceTests.SpecFlow", "BDD.AcceptanceTests.SpecFlow\BDD.AcceptanceTests.SpecFlow.csproj", "{10063103-0934-4DCC-9F4E-A70B64468182}"
EndProject
Global
	GlobalSection(SolutionConfigurationPlatforms) = preSolution
		Debug|Any CPU = Debug|Any CPU
		Release|Any CPU = Release|Any CPU
	EndGlobalSection
	GlobalSection(ProjectConfigurationPlatforms) = postSolution
		{396C8EE2-6746-4E4C-BC81-9A1DE5D5DD63}.Debug|Any CPU.ActiveCfg = Debug|Any CPU
		{396C8EE2-6746-4E4C-BC81-9A1DE5D5DD63}.Debug|Any CPU.Build.0 = Debug|Any CPU
		{396C8EE2-6746-4E4C-BC81-9A1DE5D5DD63}.Release|Any CPU.ActiveCfg = Release|Any CPU
		{396C8EE2-6746-4E4C-BC81-9A1DE5D5DD63}.Release|Any CPU.Build.0 = Release|Any CPU
		{5774C5C7-23B4-4F54-9468-47CB459F86BF}.Debug|Any CPU.ActiveCfg = Debug|Any CPU
		{5774C5C7-23B4-4F54-9468-47CB459F86BF}.Debug|Any CPU.Build.0 = Debug|Any CPU
		{5774C5C7-23B4-4F54-9468-47CB459F86BF}.Release|Any CPU.ActiveCfg = Release|Any CPU
		{5774C5C7-23B4-4F54-9468-47CB459F86BF}.Release|Any CPU.Build.0 = Release|Any CPU
		{10063103-0934-4DCC-9F4E-A70B64468182}.Debug|Any CPU.ActiveCfg = Debug|Any CPU
		{10063103-0934-4DCC-9F4E-A70B64468182}.Debug|Any CPU.Build.0 = Debug|Any CPU
		{10063103-0934-4DCC-9F4E-A70B64468182}.Release|Any CPU.ActiveCfg = Release|Any CPU
		{10063103-0934-4DCC-9F4E-A70B64468182}.Release|Any CPU.Build.0 = Release|Any CPU
	EndGlobalSection
	GlobalSection(SolutionProperties) = preSolution
		HideSolutionNode = FALSE
	EndGlobalSection
	GlobalSection(ExtensibilityGlobals) = postSolution
		SolutionGuid = {B80DF800-01F0-4642-AF46-C65A0EC8C7C7}
	EndGlobalSection
EndGlobal
